
Microsoft Visual Studio Solution File, Format Version 12.00
# Visual Studio Version 17
VisualStudioVersion = 17.9.34902.65
MinimumVisualStudioVersion = 10.0.40219.1
Project("{FAE04EC0-301F-11D3-BF4B-00C04F79EFBC}") = "BestBuyCRUDController", "BestBuyCRUDController.csproj", "{3305ED08-24E0-440C-A159-E533D0ED9434}"
EndProject
Global
	GlobalSection(SolutionConfigurationPlatforms) = preSolution
		Debug|Any CPU = Debug|Any CPU
		Release|Any CPU = Release|Any CPU
	EndGlobalSection
	GlobalSection(ProjectConfigurationPlatforms) = postSolution
		{3305ED08-24E0-440C-A159-E533D0ED9434}.Debug|Any CPU.ActiveCfg = Debug|Any CPU
		{3305ED08-24E0-440C-A159-E533D0ED9434}.Debug|Any CPU.Build.0 = Debug|Any CPU
		{3305ED08-24E0-440C-A159-E533D0ED9434}.Release|Any CPU.ActiveCfg = Release|Any CPU
		{3305ED08-24E0-440C-A159-E533D0ED9434}.Release|Any CPU.Build.0 = Release|Any CPU
	EndGlobalSection
	GlobalSection(SolutionProperties) = preSolution
		HideSolutionNode = FALSE
	EndGlobalSection
	GlobalSection(ExtensibilityGlobals) = postSolution
		SolutionGuid = {7AEB6144-76BC-4023-ABA1-781AF3188E68}
	EndGlobalSection
EndGlobal
